Microsoft Visual Studio Solution File, Format Version 12.00
# Visual Studio 2012
Project("{FAE04EC0-301F-11D3-BF4B-00C04F79EFBC}") = "CatlikeCodingCSharp", "CatlikeCodingCSharp.csproj", "{4133775B-540A-4256-B344-18ADCD44ED40}"
EndProject
Project("{F2A71F9B-5D33-465A-A702-920D77279786}") = "CatlikeCodingFS", "CatlikeCodingFS\CatlikeCodingFS.fsproj", "{39E0AE8D-9788-48EB-A1F7-CD79D664D99D}"
EndProject
Global
	GlobalSection(SolutionConfigurationPlatforms) = preSolution
	Debug|Any CPU = Debug|Any CPU
	ExportDebug|Any CPU = ExportDebug|Any CPU
	ExportRelease|Any CPU = ExportRelease|Any CPU
	EndGlobalSection
	GlobalSection(ProjectConfigurationPlatforms) = postSolution
		{4133775B-540A-4256-B344-18ADCD44ED40}.Debug|Any CPU.ActiveCfg = Debug|Any CPU
		{4133775B-540A-4256-B344-18ADCD44ED40}.Debug|Any CPU.Build.0 = Debug|Any CPU
		{4133775B-540A-4256-B344-18ADCD44ED40}.ExportDebug|Any CPU.ActiveCfg = ExportDebug|Any CPU
		{4133775B-540A-4256-B344-18ADCD44ED40}.ExportDebug|Any CPU.Build.0 = ExportDebug|Any CPU
		{4133775B-540A-4256-B344-18ADCD44ED40}.ExportRelease|Any CPU.ActiveCfg = ExportRelease|Any CPU
		{4133775B-540A-4256-B344-18ADCD44ED40}.ExportRelease|Any CPU.Build.0 = ExportRelease|Any CPU
		{39E0AE8D-9788-48EB-A1F7-CD79D664D99D}.Debug|Any CPU.ActiveCfg = Debug|Any CPU
		{39E0AE8D-9788-48EB-A1F7-CD79D664D99D}.Debug|Any CPU.Build.0 = Debug|Any CPU
		{39E0AE8D-9788-48EB-A1F7-CD79D664D99D}.ExportDebug|Any CPU.ActiveCfg = Debug|Any CPU
		{39E0AE8D-9788-48EB-A1F7-CD79D664D99D}.ExportDebug|Any CPU.Build.0 = Debug|Any CPU
		{39E0AE8D-9788-48EB-A1F7-CD79D664D99D}.ExportRelease|Any CPU.ActiveCfg = Debug|Any CPU
		{39E0AE8D-9788-48EB-A1F7-CD79D664D99D}.ExportRelease|Any CPU.Build.0 = Debug|Any CPU
	EndGlobalSection
EndGlobal
