Microsoft Visual Studio Solution File, Format Version 12.00
# Visual Studio 2012
Project("{FAE04EC0-301F-11D3-BF4B-00C04F79EFBC}") = "TestObserver", "TestObserver.csproj", "{4E44A41B-646C-4469-8C96-47B2285FBC45}"
EndProject
Project("{2150E333-8FDC-42A3-9474-1A3956D46DE8}") = "0_Nodes", "0_Nodes", "{6A13AD5F-0ECF-4EF9-83AF-DFC219693E49}"
EndProject
Project("{FAE04EC0-301F-11D3-BF4B-00C04F79EFBC}") = "TO.Nodes.Abstractions", "TO.Nodes.Abstractions\TO.Nodes.Abstractions.csproj", "{095DDD6F-4944-4956-B559-A50600F18F86}"
EndProject
Project("{FAE04EC0-301F-11D3-BF4B-00C04F79EFBC}") = "TO.Contexts", "TO.Contexts\TO.Contexts.csproj", "{DC5638B1-0D62-4C60-9F14-14C0B74A6EEB}"
EndProject
Project("{2150E333-8FDC-42A3-9474-1A3956D46DE8}") = "1_Apps", "1_Apps", "{81DCF487-9E75-4209-9CF9-89194DB9CE76}"
EndProject
Project("{2150E333-8FDC-42A3-9474-1A3956D46DE8}") = "2_Domains", "2_Domains", "{4FCD8CC8-21B8-411F-B3DD-C227B7F044D5}"
EndProject
Project("{2150E333-8FDC-42A3-9474-1A3956D46DE8}") = "3_Infras", "3_Infras", "{EAFE3350-DA8F-4D83-85DE-8420062BF013}"
EndProject
Project("{2150E333-8FDC-42A3-9474-1A3956D46DE8}") = "4_CrossSlns", "4_CrossSlns", "{94CB5050-7141-4B2D-8828-3D88462C9219}"
EndProject
Project("{FAE04EC0-301F-11D3-BF4B-00C04F79EFBC}") = "TO.Apps.Commands", "TO.Apps.Commands\TO.Apps.Commands.csproj", "{6C4F59DC-ADB9-4DD9-9381-AD53FEA25667}"
EndProject
Project("{FAE04EC0-301F-11D3-BF4B-00C04F79EFBC}") = "TO.Domains.Models", "TO.Domains.Models\TO.Domains.Models.csproj", "{E03DA8D6-2EEB-4D8E-BB1F-F0693CDCA1C4}"
EndProject
Project("{FAE04EC0-301F-11D3-BF4B-00C04F79EFBC}") = "TO.Domains.Services", "TO.Domains.Services\TO.Domains.Services.csproj", "{8F739A69-09C4-41D7-8559-63464BBA138D}"
EndProject
Project("{FAE04EC0-301F-11D3-BF4B-00C04F79EFBC}") = "TO.Domains.Services.Abstractions", "TO.Domains.Services.Abstractions\TO.Domains.Services.Abstractions.csproj", "{E92D0B02-5BC8-45A0-B198-C8746DACB942}"
EndProject
Project("{FAE04EC0-301F-11D3-BF4B-00C04F79EFBC}") = "TO.Infras.Readers", "TO.Infras.Readers\TO.Infras.Readers.csproj", "{7D02EE30-A536-4BCC-A0E1-F67C62C164CE}"
EndProject
Project("{FAE04EC0-301F-11D3-BF4B-00C04F79EFBC}") = "TO.Infras.Readers.Abstractions", "TO.Infras.Readers.Abstractions\TO.Infras.Readers.Abstractions.csproj", "{A657AFA3-3860-42B5-961D-67E0409E337B}"
EndProject
Project("{FAE04EC0-301F-11D3-BF4B-00C04F79EFBC}") = "TO.Infras.Writers", "TO.Infras.Writers\TO.Infras.Writers.csproj", "{04C2C9E8-16E2-457F-B85F-52EEF6EB324F}"
EndProject
Project("{FAE04EC0-301F-11D3-BF4B-00C04F79EFBC}") = "TO.Infras.Writers.Abstractions", "TO.Infras.Writers.Abstractions\TO.Infras.Writers.Abstractions.csproj", "{DBE67AE7-1D1B-42D9-99CD-851F491A5D78}"
EndProject
Project("{FAE04EC0-301F-11D3-BF4B-00C04F79EFBC}") = "TO.Commons", "TO.Commons\TO.Commons.csproj", "{22558EF0-16F6-45EF-9F04-635290569B25}"
EndProject
Project("{FAE04EC0-301F-11D3-BF4B-00C04F79EFBC}") = "TO.GodotNodes.Abstractions", "TO.GodotNodes.Abstractions\TO.GodotNodes.Abstractions.csproj", "{11482A3D-297D-4457-8191-D2A52DF44F6B}"
EndProject
Global
	GlobalSection(SolutionConfigurationPlatforms) = preSolution
	Debug|Any CPU = Debug|Any CPU
	ExportDebug|Any CPU = ExportDebug|Any CPU
	ExportRelease|Any CPU = ExportRelease|Any CPU
	EndGlobalSection
	GlobalSection(ProjectConfigurationPlatforms) = postSolution
		{4E44A41B-646C-4469-8C96-47B2285FBC45}.Debug|Any CPU.ActiveCfg = Debug|Any CPU
		{4E44A41B-646C-4469-8C96-47B2285FBC45}.Debug|Any CPU.Build.0 = Debug|Any CPU
		{4E44A41B-646C-4469-8C96-47B2285FBC45}.ExportDebug|Any CPU.ActiveCfg = ExportDebug|Any CPU
		{4E44A41B-646C-4469-8C96-47B2285FBC45}.ExportDebug|Any CPU.Build.0 = ExportDebug|Any CPU
		{4E44A41B-646C-4469-8C96-47B2285FBC45}.ExportRelease|Any CPU.ActiveCfg = ExportRelease|Any CPU
		{4E44A41B-646C-4469-8C96-47B2285FBC45}.ExportRelease|Any CPU.Build.0 = ExportRelease|Any CPU
		{095DDD6F-4944-4956-B559-A50600F18F86}.Debug|Any CPU.ActiveCfg = Debug|Any CPU
		{095DDD6F-4944-4956-B559-A50600F18F86}.Debug|Any CPU.Build.0 = Debug|Any CPU
		{095DDD6F-4944-4956-B559-A50600F18F86}.ExportDebug|Any CPU.ActiveCfg = Debug|Any CPU
		{095DDD6F-4944-4956-B559-A50600F18F86}.ExportDebug|Any CPU.Build.0 = Debug|Any CPU
		{095DDD6F-4944-4956-B559-A50600F18F86}.ExportRelease|Any CPU.ActiveCfg = Debug|Any CPU
		{095DDD6F-4944-4956-B559-A50600F18F86}.ExportRelease|Any CPU.Build.0 = Debug|Any CPU
		{DC5638B1-0D62-4C60-9F14-14C0B74A6EEB}.Debug|Any CPU.ActiveCfg = Debug|Any CPU
		{DC5638B1-0D62-4C60-9F14-14C0B74A6EEB}.Debug|Any CPU.Build.0 = Debug|Any CPU
		{DC5638B1-0D62-4C60-9F14-14C0B74A6EEB}.ExportDebug|Any CPU.ActiveCfg = Debug|Any CPU
		{DC5638B1-0D62-4C60-9F14-14C0B74A6EEB}.ExportDebug|Any CPU.Build.0 = Debug|Any CPU
		{DC5638B1-0D62-4C60-9F14-14C0B74A6EEB}.ExportRelease|Any CPU.ActiveCfg = Debug|Any CPU
		{DC5638B1-0D62-4C60-9F14-14C0B74A6EEB}.ExportRelease|Any CPU.Build.0 = Debug|Any CPU
		{6C4F59DC-ADB9-4DD9-9381-AD53FEA25667}.Debug|Any CPU.ActiveCfg = Debug|Any CPU
		{6C4F59DC-ADB9-4DD9-9381-AD53FEA25667}.Debug|Any CPU.Build.0 = Debug|Any CPU
		{6C4F59DC-ADB9-4DD9-9381-AD53FEA25667}.ExportDebug|Any CPU.ActiveCfg = Debug|Any CPU
		{6C4F59DC-ADB9-4DD9-9381-AD53FEA25667}.ExportDebug|Any CPU.Build.0 = Debug|Any CPU
		{6C4F59DC-ADB9-4DD9-9381-AD53FEA25667}.ExportRelease|Any CPU.ActiveCfg = Debug|Any CPU
		{6C4F59DC-ADB9-4DD9-9381-AD53FEA25667}.ExportRelease|Any CPU.Build.0 = Debug|Any CPU
		{E03DA8D6-2EEB-4D8E-BB1F-F0693CDCA1C4}.Debug|Any CPU.ActiveCfg = Debug|Any CPU
		{E03DA8D6-2EEB-4D8E-BB1F-F0693CDCA1C4}.Debug|Any CPU.Build.0 = Debug|Any CPU
		{E03DA8D6-2EEB-4D8E-BB1F-F0693CDCA1C4}.ExportDebug|Any CPU.ActiveCfg = Debug|Any CPU
		{E03DA8D6-2EEB-4D8E-BB1F-F0693CDCA1C4}.ExportDebug|Any CPU.Build.0 = Debug|Any CPU
		{E03DA8D6-2EEB-4D8E-BB1F-F0693CDCA1C4}.ExportRelease|Any CPU.ActiveCfg = Debug|Any CPU
		{E03DA8D6-2EEB-4D8E-BB1F-F0693CDCA1C4}.ExportRelease|Any CPU.Build.0 = Debug|Any CPU
		{8F739A69-09C4-41D7-8559-63464BBA138D}.Debug|Any CPU.ActiveCfg = Debug|Any CPU
		{8F739A69-09C4-41D7-8559-63464BBA138D}.Debug|Any CPU.Build.0 = Debug|Any CPU
		{8F739A69-09C4-41D7-8559-63464BBA138D}.ExportDebug|Any CPU.ActiveCfg = Debug|Any CPU
		{8F739A69-09C4-41D7-8559-63464BBA138D}.ExportDebug|Any CPU.Build.0 = Debug|Any CPU
		{8F739A69-09C4-41D7-8559-63464BBA138D}.ExportRelease|Any CPU.ActiveCfg = Debug|Any CPU
		{8F739A69-09C4-41D7-8559-63464BBA138D}.ExportRelease|Any CPU.Build.0 = Debug|Any CPU
		{E92D0B02-5BC8-45A0-B198-C8746DACB942}.Debug|Any CPU.ActiveCfg = Debug|Any CPU
		{E92D0B02-5BC8-45A0-B198-C8746DACB942}.Debug|Any CPU.Build.0 = Debug|Any CPU
		{E92D0B02-5BC8-45A0-B198-C8746DACB942}.ExportDebug|Any CPU.ActiveCfg = Debug|Any CPU
		{E92D0B02-5BC8-45A0-B198-C8746DACB942}.ExportDebug|Any CPU.Build.0 = Debug|Any CPU
		{E92D0B02-5BC8-45A0-B198-C8746DACB942}.ExportRelease|Any CPU.ActiveCfg = Debug|Any CPU
		{E92D0B02-5BC8-45A0-B198-C8746DACB942}.ExportRelease|Any CPU.Build.0 = Debug|Any CPU
		{7D02EE30-A536-4BCC-A0E1-F67C62C164CE}.Debug|Any CPU.ActiveCfg = Debug|Any CPU
		{7D02EE30-A536-4BCC-A0E1-F67C62C164CE}.Debug|Any CPU.Build.0 = Debug|Any CPU
		{7D02EE30-A536-4BCC-A0E1-F67C62C164CE}.ExportDebug|Any CPU.ActiveCfg = Debug|Any CPU
		{7D02EE30-A536-4BCC-A0E1-F67C62C164CE}.ExportDebug|Any CPU.Build.0 = Debug|Any CPU
		{7D02EE30-A536-4BCC-A0E1-F67C62C164CE}.ExportRelease|Any CPU.ActiveCfg = Debug|Any CPU
		{7D02EE30-A536-4BCC-A0E1-F67C62C164CE}.ExportRelease|Any CPU.Build.0 = Debug|Any CPU
		{A657AFA3-3860-42B5-961D-67E0409E337B}.Debug|Any CPU.ActiveCfg = Debug|Any CPU
		{A657AFA3-3860-42B5-961D-67E0409E337B}.Debug|Any CPU.Build.0 = Debug|Any CPU
		{A657AFA3-3860-42B5-961D-67E0409E337B}.ExportDebug|Any CPU.ActiveCfg = Debug|Any CPU
		{A657AFA3-3860-42B5-961D-67E0409E337B}.ExportDebug|Any CPU.Build.0 = Debug|Any CPU
		{A657AFA3-3860-42B5-961D-67E0409E337B}.ExportRelease|Any CPU.ActiveCfg = Debug|Any CPU
		{A657AFA3-3860-42B5-961D-67E0409E337B}.ExportRelease|Any CPU.Build.0 = Debug|Any CPU
		{04C2C9E8-16E2-457F-B85F-52EEF6EB324F}.Debug|Any CPU.ActiveCfg = Debug|Any CPU
		{04C2C9E8-16E2-457F-B85F-52EEF6EB324F}.Debug|Any CPU.Build.0 = Debug|Any CPU
		{04C2C9E8-16E2-457F-B85F-52EEF6EB324F}.ExportDebug|Any CPU.ActiveCfg = Debug|Any CPU
		{04C2C9E8-16E2-457F-B85F-52EEF6EB324F}.ExportDebug|Any CPU.Build.0 = Debug|Any CPU
		{04C2C9E8-16E2-457F-B85F-52EEF6EB324F}.ExportRelease|Any CPU.ActiveCfg = Debug|Any CPU
		{04C2C9E8-16E2-457F-B85F-52EEF6EB324F}.ExportRelease|Any CPU.Build.0 = Debug|Any CPU
		{DBE67AE7-1D1B-42D9-99CD-851F491A5D78}.Debug|Any CPU.ActiveCfg = Debug|Any CPU
		{DBE67AE7-1D1B-42D9-99CD-851F491A5D78}.Debug|Any CPU.Build.0 = Debug|Any CPU
		{DBE67AE7-1D1B-42D9-99CD-851F491A5D78}.ExportDebug|Any CPU.ActiveCfg = Debug|Any CPU
		{DBE67AE7-1D1B-42D9-99CD-851F491A5D78}.ExportDebug|Any CPU.Build.0 = Debug|Any CPU
		{DBE67AE7-1D1B-42D9-99CD-851F491A5D78}.ExportRelease|Any CPU.ActiveCfg = Debug|Any CPU
		{DBE67AE7-1D1B-42D9-99CD-851F491A5D78}.ExportRelease|Any CPU.Build.0 = Debug|Any CPU
		{22558EF0-16F6-45EF-9F04-635290569B25}.Debug|Any CPU.ActiveCfg = Debug|Any CPU
		{22558EF0-16F6-45EF-9F04-635290569B25}.Debug|Any CPU.Build.0 = Debug|Any CPU
		{22558EF0-16F6-45EF-9F04-635290569B25}.ExportDebug|Any CPU.ActiveCfg = Debug|Any CPU
		{22558EF0-16F6-45EF-9F04-635290569B25}.ExportDebug|Any CPU.Build.0 = Debug|Any CPU
		{22558EF0-16F6-45EF-9F04-635290569B25}.ExportRelease|Any CPU.ActiveCfg = Debug|Any CPU
		{22558EF0-16F6-45EF-9F04-635290569B25}.ExportRelease|Any CPU.Build.0 = Debug|Any CPU
		{11482A3D-297D-4457-8191-D2A52DF44F6B}.Debug|Any CPU.ActiveCfg = Debug|Any CPU
		{11482A3D-297D-4457-8191-D2A52DF44F6B}.Debug|Any CPU.Build.0 = Debug|Any CPU
		{11482A3D-297D-4457-8191-D2A52DF44F6B}.ExportDebug|Any CPU.ActiveCfg = Debug|Any CPU
		{11482A3D-297D-4457-8191-D2A52DF44F6B}.ExportDebug|Any CPU.Build.0 = Debug|Any CPU
		{11482A3D-297D-4457-8191-D2A52DF44F6B}.ExportRelease|Any CPU.ActiveCfg = Debug|Any CPU
		{11482A3D-297D-4457-8191-D2A52DF44F6B}.ExportRelease|Any CPU.Build.0 = Debug|Any CPU
	EndGlobalSection
	GlobalSection(NestedProjects) = preSolution
		{4E44A41B-646C-4469-8C96-47B2285FBC45} = {6A13AD5F-0ECF-4EF9-83AF-DFC219693E49}
		{095DDD6F-4944-4956-B559-A50600F18F86} = {6A13AD5F-0ECF-4EF9-83AF-DFC219693E49}
		{DC5638B1-0D62-4C60-9F14-14C0B74A6EEB} = {6A13AD5F-0ECF-4EF9-83AF-DFC219693E49}
		{6C4F59DC-ADB9-4DD9-9381-AD53FEA25667} = {81DCF487-9E75-4209-9CF9-89194DB9CE76}
		{E03DA8D6-2EEB-4D8E-BB1F-F0693CDCA1C4} = {4FCD8CC8-21B8-411F-B3DD-C227B7F044D5}
		{8F739A69-09C4-41D7-8559-63464BBA138D} = {4FCD8CC8-21B8-411F-B3DD-C227B7F044D5}
		{E92D0B02-5BC8-45A0-B198-C8746DACB942} = {4FCD8CC8-21B8-411F-B3DD-C227B7F044D5}
		{7D02EE30-A536-4BCC-A0E1-F67C62C164CE} = {EAFE3350-DA8F-4D83-85DE-8420062BF013}
		{A657AFA3-3860-42B5-961D-67E0409E337B} = {EAFE3350-DA8F-4D83-85DE-8420062BF013}
		{04C2C9E8-16E2-457F-B85F-52EEF6EB324F} = {EAFE3350-DA8F-4D83-85DE-8420062BF013}
		{DBE67AE7-1D1B-42D9-99CD-851F491A5D78} = {EAFE3350-DA8F-4D83-85DE-8420062BF013}
		{22558EF0-16F6-45EF-9F04-635290569B25} = {94CB5050-7141-4B2D-8828-3D88462C9219}
		{11482A3D-297D-4457-8191-D2A52DF44F6B} = {94CB5050-7141-4B2D-8828-3D88462C9219}
	EndGlobalSection
EndGlobal
